
Microsoft Visual Studio Solution File, Format Version 12.00
# Visual Studio Version 16
VisualStudioVersion = 16.0.31205.134
MinimumVisualStudioVersion = 10.0.40219.1
Project("{FAE04EC0-301F-11D3-BF4B-00C04F79EFBC}") = "PlaygroundReactWebApp", "PlaygroundReactWebApp\PlaygroundReactWebApp.csproj", "{A39D3703-AE1D-4B05-B3FA-CF88C77CE09F}"
EndProject
Global
	GlobalSection(SolutionConfigurationPlatforms) = preSolution
		Debug|Any CPU = Debug|Any CPU
		Release|Any CPU = Release|Any CPU
	EndGlobalSection
	GlobalSection(ProjectConfigurationPlatforms) = postSolution
		{A39D3703-AE1D-4B05-B3FA-CF88C77CE09F}.Debug|Any CPU.ActiveCfg = Debug|Any CPU
		{A39D3703-AE1D-4B05-B3FA-CF88C77CE09F}.Debug|Any CPU.Build.0 = Debug|Any CPU
		{A39D3703-AE1D-4B05-B3FA-CF88C77CE09F}.Release|Any CPU.ActiveCfg = Release|Any CPU
		{A39D3703-AE1D-4B05-B3FA-CF88C77CE09F}.Release|Any CPU.Build.0 = Release|Any CPU
	EndGlobalSection
	GlobalSection(SolutionProperties) = preSolution
		HideSolutionNode = FALSE
	EndGlobalSection
	GlobalSection(ExtensibilityGlobals) = postSolution
		SolutionGuid = {FE48BE4E-3747-4D7A-8653-F4607B9E05D7}
	EndGlobalSection
EndGlobal
